
Microsoft Visual Studio Solution File, Format Version 12.00
# Visual Studio Version 16
VisualStudioVersion = 16.0.30011.22
MinimumVisualStudioVersion = 10.0.40219.1
Project("{FAE04EC0-301F-11D3-BF4B-00C04F79EFBC}") = "Financas", "Financas\Financas.csproj", "{01EB3B9F-606B-4B43-ABDA-5640087589AD}"
EndProject
Global
	GlobalSection(SolutionConfigurationPlatforms) = preSolution
		Debug|Any CPU = Debug|Any CPU
		Release|Any CPU = Release|Any CPU
	EndGlobalSection
	GlobalSection(ProjectConfigurationPlatforms) = postSolution
		{01EB3B9F-606B-4B43-ABDA-5640087589AD}.Debug|Any CPU.ActiveCfg = Debug|Any CPU
		{01EB3B9F-606B-4B43-ABDA-5640087589AD}.Debug|Any CPU.Build.0 = Debug|Any CPU
		{01EB3B9F-606B-4B43-ABDA-5640087589AD}.Release|Any CPU.ActiveCfg = Release|Any CPU
		{01EB3B9F-606B-4B43-ABDA-5640087589AD}.Release|Any CPU.Build.0 = Release|Any CPU
	EndGlobalSection
	GlobalSection(SolutionProperties) = preSolution
		HideSolutionNode = FALSE
	EndGlobalSection
	GlobalSection(ExtensibilityGlobals) = postSolution
		SolutionGuid = {F8A52453-C71E-4502-A901-D8DAA3350829}
	EndGlobalSection
EndGlobal
